// !$*UTF8*$!
{
	archiveVersion = 1;
	classes = {
	};
	objectVersion = 52;
	objects = {

/* Begin PBXBuildFile section */
		1863ABA727EC233000575DEC /* ErrorMessages.swift in Sources */ = {isa = PBXBuildFile; fileRef = 1863ABA627EC233000575DEC /* ErrorMessages.swift */; };
		18847E8F27F6B7A000B7D7C4 /* CompositionViewController.swift in Sources */ = {isa = PBXBuildFile; fileRef = 18847E8D27F6B7A000B7D7C4 /* CompositionViewController.swift */; };
		18847E9027F6B7A000B7D7C4 /* CompositionViewController.xib in Resources */ = {isa = PBXBuildFile; fileRef = 18847E8E27F6B7A000B7D7C4 /* CompositionViewController.xib */; };
		18847E9527F6B85300B7D7C4 /* CompositonViewModal.swift in Sources */ = {isa = PBXBuildFile; fileRef = 18847E9427F6B85300B7D7C4 /* CompositonViewModal.swift */; };
		18847E9A27F6B8F000B7D7C4 /* CollectionView+Extension.swift in Sources */ = {isa = PBXBuildFile; fileRef = 18847E9927F6B8F000B7D7C4 /* CollectionView+Extension.swift */; };
		18AA863427F4270E0069610E /* UITableView+Extension.swift in Sources */ = {isa = PBXBuildFile; fileRef = 18AA863327F4270E0069610E /* UITableView+Extension.swift */; };
		18AA863A27F427E20069610E /* ListTableCell.swift in Sources */ = {isa = PBXBuildFile; fileRef = 18AA863827F427E20069610E /* ListTableCell.swift */; };
		18AA863B27F427E20069610E /* ListTableCell.xib in Resources */ = {isa = PBXBuildFile; fileRef = 18AA863927F427E20069610E /* ListTableCell.xib */; };
		18AA864027F431480069610E /* Array+Extension.swift in Sources */ = {isa = PBXBuildFile; fileRef = 18AA863F27F431480069610E /* Array+Extension.swift */; };
		18AA864627F435D50069610E /* CombineViewController.swift in Sources */ = {isa = PBXBuildFile; fileRef = 18AA864427F435D50069610E /* CombineViewController.swift */; };
		18AA864727F435D50069610E /* CombineViewController.xib in Resources */ = {isa = PBXBuildFile; fileRef = 18AA864527F435D50069610E /* CombineViewController.xib */; };
		18AA864D27F4389B0069610E /* CombineViewModal.swift in Sources */ = {isa = PBXBuildFile; fileRef = 18AA864C27F4389B0069610E /* CombineViewModal.swift */; };
		18AA865627F47A0D0069610E /* UIImageView+Extension.swift in Sources */ = {isa = PBXBuildFile; fileRef = 18AA865527F47A0D0069610E /* UIImageView+Extension.swift */; };
		18C57C4127EB1A7800F2AA77 /* AppDelegate.swift in Sources */ = {isa = PBXBuildFile; fileRef = 18C57C4027EB1A7800F2AA77 /* AppDelegate.swift */; };
		18C57C4327EB1A7800F2AA77 /* SceneDelegate.swift in Sources */ = {isa = PBXBuildFile; fileRef = 18C57C4227EB1A7800F2AA77 /* SceneDelegate.swift */; };
		18C57C4527EB1A7800F2AA77 /* ViewController.swift in Sources */ = {isa = PBXBuildFile; fileRef = 18C57C4427EB1A7800F2AA77 /* ViewController.swift */; };
		18C57C4827EB1A7800F2AA77 /* Main.storyboard in Resources */ = {isa = PBXBuildFile; fileRef = 18C57C4627EB1A7800F2AA77 /* Main.storyboard */; };
		18C57C4B27EB1A7800F2AA77 /* InterviewPreparation.xcdatamodeld in Sources */ = {isa = PBXBuildFile; fileRef = 18C57C4927EB1A7800F2AA77 /* InterviewPreparation.xcdatamodeld */; };
		18C57C4D27EB1A7B00F2AA77 /* Assets.xcassets in Resources */ = {isa = PBXBuildFile; fileRef = 18C57C4C27EB1A7B00F2AA77 /* Assets.xcassets */; };
		18C57C5027EB1A7B00F2AA77 /* LaunchScreen.storyboard in Resources */ = {isa = PBXBuildFile; fileRef = 18C57C4E27EB1A7B00F2AA77 /* LaunchScreen.storyboard */; };
		18C57C5B27EB1A7B00F2AA77 /* InterviewPreparationTests.swift in Sources */ = {isa = PBXBuildFile; fileRef = 18C57C5A27EB1A7B00F2AA77 /* InterviewPreparationTests.swift */; };
		18C57C6627EB1A7B00F2AA77 /* InterviewPreparationUITests.swift in Sources */ = {isa = PBXBuildFile; fileRef = 18C57C6527EB1A7B00F2AA77 /* InterviewPreparationUITests.swift */; };
		18C57C7F27EB1EB000F2AA77 /* FirstViewModal.swift in Sources */ = {isa = PBXBuildFile; fileRef = 18C57C7E27EB1EB000F2AA77 /* FirstViewModal.swift */; };
		18C57C8827EB37B200F2AA77 /* EmployeeTableCell.swift in Sources */ = {isa = PBXBuildFile; fileRef = 18C57C8627EB37B200F2AA77 /* EmployeeTableCell.swift */; };
		18C57C8927EB37B200F2AA77 /* EmployeeTableCell.xib in Resources */ = {isa = PBXBuildFile; fileRef = 18C57C8727EB37B200F2AA77 /* EmployeeTableCell.xib */; };
		18C57C8E27EB456500F2AA77 /* Employee.swift in Sources */ = {isa = PBXBuildFile; fileRef = 18C57C8D27EB456500F2AA77 /* Employee.swift */; };
		73FBFB12918BE16530331F8B /* Pods_InterviewPreparation_InterviewPreparationUITests.framework in Frameworks */ = {isa = PBXBuildFile; fileRef = C67BE237BEB030B48C1E11C2 /* Pods_InterviewPreparation_InterviewPreparationUITests.framework */; };
		7ABC85C22803F0EB00E329B7 /* Table+CollectionViewController.swift in Sources */ = {isa = PBXBuildFile; fileRef = 7ABC85C02803F0EB00E329B7 /* Table+CollectionViewController.swift */; };
		7ABC85C32803F0EB00E329B7 /* Table+CollectionViewController.xib in Resources */ = {isa = PBXBuildFile; fileRef = 7ABC85C12803F0EB00E329B7 /* Table+CollectionViewController.xib */; };
		7ABC85C52803F3E200E329B7 /* TableCollectionView.swift in Sources */ = {isa = PBXBuildFile; fileRef = 7ABC85C42803F3E200E329B7 /* TableCollectionView.swift */; };
		7ABC85C828045AA500E329B7 /* CustomText.swift in Sources */ = {isa = PBXBuildFile; fileRef = 7ABC85C728045AA500E329B7 /* CustomText.swift */; };
		7ABC85CA28045AC700E329B7 /* NavigationBar.swift in Sources */ = {isa = PBXBuildFile; fileRef = 7ABC85C928045AC700E329B7 /* NavigationBar.swift */; };
		7ABC85CC2804641C00E329B7 /* SearchBar.swift in Sources */ = {isa = PBXBuildFile; fileRef = 7ABC85CB2804641C00E329B7 /* SearchBar.swift */; };
		7ABC85CE2804645E00E329B7 /* HorizontalCell.swift in Sources */ = {isa = PBXBuildFile; fileRef = 7ABC85CD2804645E00E329B7 /* HorizontalCell.swift */; };
		7ABC85D0280464A300E329B7 /* ModalData.swift in Sources */ = {isa = PBXBuildFile; fileRef = 7ABC85CF280464A300E329B7 /* ModalData.swift */; };
		7ABC85D2280464D300E329B7 /* AsyncImageView.swift in Sources */ = {isa = PBXBuildFile; fileRef = 7ABC85D1280464D300E329B7 /* AsyncImageView.swift */; };
		7ABC85D42804652600E329B7 /* HomeListView.swift in Sources */ = {isa = PBXBuildFile; fileRef = 7ABC85D32804652600E329B7 /* HomeListView.swift */; };
		7ABC85D62804658C00E329B7 /* HomeViewModal.swift in Sources */ = {isa = PBXBuildFile; fileRef = 7ABC85D52804658C00E329B7 /* HomeViewModal.swift */; };
		7ABC85D8280465AF00E329B7 /* Contents.swift in Sources */ = {isa = PBXBuildFile; fileRef = 7ABC85D7280465AF00E329B7 /* Contents.swift */; };
		7ABC85DA2804663D00E329B7 /* APIManager.swift in Sources */ = {isa = PBXBuildFile; fileRef = 7ABC85D92804663D00E329B7 /* APIManager.swift */; };
		7ABC85DC2804664F00E329B7 /* APIConfiguration.swift in Sources */ = {isa = PBXBuildFile; fileRef = 7ABC85DB2804664F00E329B7 /* APIConfiguration.swift */; };
		7ABC85DF280466BA00E329B7 /* Alamofire in Frameworks */ = {isa = PBXBuildFile; productRef = 7ABC85DE280466BA00E329B7 /* Alamofire */; };
		7ABC85E12804674500E329B7 /* NetworkManager.swift in Sources */ = {isa = PBXBuildFile; fileRef = 7ABC85E02804674500E329B7 /* NetworkManager.swift */; };
		7ABC85E52804686000E329B7 /* APIConstant.swift in Sources */ = {isa = PBXBuildFile; fileRef = 7ABC85E42804686000E329B7 /* APIConstant.swift */; };
		7ABC85E828058F4200E329B7 /* SwiftUIViewModal.swift in Sources */ = {isa = PBXBuildFile; fileRef = 7ABC85E728058F4200E329B7 /* SwiftUIViewModal.swift */; };
		7ABC85EC2806D31500E329B7 /* SettingView.swift in Sources */ = {isa = PBXBuildFile; fileRef = 7ABC85EB2806D31500E329B7 /* SettingView.swift */; };
		7ABC85EE2806D43700E329B7 /* SettingViewModal.swift in Sources */ = {isa = PBXBuildFile; fileRef = 7ABC85ED2806D43700E329B7 /* SettingViewModal.swift */; };
		7ABC860D280D3A4A00E329B7 /* RxSwiftViewController.swift in Sources */ = {isa = PBXBuildFile; fileRef = 7ABC860B280D3A4A00E329B7 /* RxSwiftViewController.swift */; };
		7ABC860E280D3A4A00E329B7 /* RxSwiftViewController.xib in Resources */ = {isa = PBXBuildFile; fileRef = 7ABC860C280D3A4A00E329B7 /* RxSwiftViewController.xib */; };
		7ABC8610280D3A6B00E329B7 /* RxSwiftViewModal.swift in Sources */ = {isa = PBXBuildFile; fileRef = 7ABC860F280D3A6B00E329B7 /* RxSwiftViewModal.swift */; };
		7ABC8612280E83DE00E329B7 /* SettingDetail.swift in Sources */ = {isa = PBXBuildFile; fileRef = 7ABC8611280E83DE00E329B7 /* SettingDetail.swift */; };
		7ADFBC71280E866B00D3E734 /* RxCocoa in Frameworks */ = {isa = PBXBuildFile; productRef = 7ADFBC70280E866B00D3E734 /* RxCocoa */; };
		7ADFBC73280E866B00D3E734 /* RxSwift in Frameworks */ = {isa = PBXBuildFile; productRef = 7ADFBC72280E866B00D3E734 /* RxSwift */; };
		7ADFBC75280E91DD00D3E734 /* SettingTopView.swift in Sources */ = {isa = PBXBuildFile; fileRef = 7ADFBC74280E91DD00D3E734 /* SettingTopView.swift */; };
		7ADFBC78280E926F00D3E734 /* FormView.swift in Sources */ = {isa = PBXBuildFile; fileRef = 7ADFBC77280E926F00D3E734 /* FormView.swift */; };
		7ADFBC7A280E9D6200D3E734 /* SettingDetailViewModal.swift in Sources */ = {isa = PBXBuildFile; fileRef = 7ADFBC79280E9D6200D3E734 /* SettingDetailViewModal.swift */; };
		7ADFBC7D280EC6CB00D3E734 /* SettingToggleView.swift in Sources */ = {isa = PBXBuildFile; fileRef = 7ADFBC7C280EC6CB00D3E734 /* SettingToggleView.swift */; };
		7ADFBC7F280ED87D00D3E734 /* DownloadView.swift in Sources */ = {isa = PBXBuildFile; fileRef = 7ADFBC7E280ED87D00D3E734 /* DownloadView.swift */; };
		7ADFBC81280EDFE600D3E734 /* SegmentPicker.swift in Sources */ = {isa = PBXBuildFile; fileRef = 7ADFBC80280EDFE600D3E734 /* SegmentPicker.swift */; };
		C2A10A4C4537A231FCBD897B /* Pods_InterviewPreparation.framework in Frameworks */ = {isa = PBXBuildFile; fileRef = 39A271010558C3BDC9C1423D /* Pods_InterviewPreparation.framework */; };
		F4C197FDB0E7BDAF7662FD83 /* Pods_InterviewPreparationTests.framework in Frameworks */ = {isa = PBXBuildFile; fileRef = 0A39F592E89D4EC32087DE66 /* Pods_InterviewPreparationTests.framework */; };
/* End PBXBuildFile section */

/* Begin PBXContainerItemProxy section */
		18C57C5727EB1A7B00F2AA77 /* PBXContainerItemProxy */ = {
			isa = PBXContainerItemProxy;
			containerPortal = 18C57C3527EB1A7800F2AA77 /* Project object */;
			proxyType = 1;
			remoteGlobalIDString = 18C57C3C27EB1A7800F2AA77;
			remoteInfo = InterviewPreparation;
		};
		18C57C6227EB1A7B00F2AA77 /* PBXContainerItemProxy */ = {
			isa = PBXContainerItemProxy;
			containerPortal = 18C57C3527EB1A7800F2AA77 /* Project object */;
			proxyType = 1;
			remoteGlobalIDString = 18C57C3C27EB1A7800F2AA77;
			remoteInfo = InterviewPreparation;
		};
/* End PBXContainerItemProxy section */

/* Begin PBXFileReference section */
		0A39F592E89D4EC32087DE66 /* Pods_InterviewPreparationTests.framework */ = {isa = PBXFileReference; explicitFileType = wrapper.framework; includeInIndex = 0; path = Pods_InterviewPreparationTests.framework; sourceTree = BUILT_PRODUCTS_DIR; };
		0AC37C7B65CDB1F6F4B7957B /* Pods-InterviewPreparationTests.release.xcconfig */ = {isa = PBXFileReference; includeInIndex = 1; lastKnownFileType = text.xcconfig; name = "Pods-InterviewPreparationTests.release.xcconfig"; path = "Target Support Files/Pods-InterviewPreparationTests/Pods-InterviewPreparationTests.release.xcconfig"; sourceTree = "<group>"; };
		154AE3E564384B1D564F0FC8 /* Pods-InterviewPreparation.release.xcconfig */ = {isa = PBXFileReference; includeInIndex = 1; lastKnownFileType = text.xcconfig; name = "Pods-InterviewPreparation.release.xcconfig"; path = "Target Support Files/Pods-InterviewPreparation/Pods-InterviewPreparation.release.xcconfig"; sourceTree = "<group>"; };
		1863ABA627EC233000575DEC /* ErrorMessages.swift */ = {isa = PBXFileReference; lastKnownFileType = sourcecode.swift; path = ErrorMessages.swift; sourceTree = "<group>"; };
		18847E8D27F6B7A000B7D7C4 /* CompositionViewController.swift */ = {isa = PBXFileReference; lastKnownFileType = sourcecode.swift; path = CompositionViewController.swift; sourceTree = "<group>"; };
		18847E8E27F6B7A000B7D7C4 /* CompositionViewController.xib */ = {isa = PBXFileReference; lastKnownFileType = file.xib; path = CompositionViewController.xib; sourceTree = "<group>"; };
		18847E9427F6B85300B7D7C4 /* CompositonViewModal.swift */ = {isa = PBXFileReference; lastKnownFileType = sourcecode.swift; path = CompositonViewModal.swift; sourceTree = "<group>"; };
		18847E9927F6B8F000B7D7C4 /* CollectionView+Extension.swift */ = {isa = PBXFileReference; lastKnownFileType = sourcecode.swift; path = "CollectionView+Extension.swift"; sourceTree = "<group>"; };
		18AA863327F4270E0069610E /* UITableView+Extension.swift */ = {isa = PBXFileReference; fileEncoding = 4; lastKnownFileType = sourcecode.swift; path = "UITableView+Extension.swift"; sourceTree = "<group>"; };
		18AA863827F427E20069610E /* ListTableCell.swift */ = {isa = PBXFileReference; lastKnownFileType = sourcecode.swift; path = ListTableCell.swift; sourceTree = "<group>"; };
		18AA863927F427E20069610E /* ListTableCell.xib */ = {isa = PBXFileReference; lastKnownFileType = file.xib; path = ListTableCell.xib; sourceTree = "<group>"; };
		18AA863F27F431480069610E /* Array+Extension.swift */ = {isa = PBXFileReference; fileEncoding = 4; lastKnownFileType = sourcecode.swift; path = "Array+Extension.swift"; sourceTree = "<group>"; };
		18AA864427F435D50069610E /* CombineViewController.swift */ = {isa = PBXFileReference; lastKnownFileType = sourcecode.swift; path = CombineViewController.swift; sourceTree = "<group>"; };
		18AA864527F435D50069610E /* CombineViewController.xib */ = {isa = PBXFileReference; lastKnownFileType = file.xib; path = CombineViewController.xib; sourceTree = "<group>"; };
		18AA864C27F4389B0069610E /* CombineViewModal.swift */ = {isa = PBXFileReference; lastKnownFileType = sourcecode.swift; path = CombineViewModal.swift; sourceTree = "<group>"; };
		18AA865527F47A0D0069610E /* UIImageView+Extension.swift */ = {isa = PBXFileReference; fileEncoding = 4; lastKnownFileType = sourcecode.swift; path = "UIImageView+Extension.swift"; sourceTree = "<group>"; };
		18C57C3D27EB1A7800F2AA77 /* InterviewPreparation.app */ = {isa = PBXFileReference; explicitFileType = wrapper.application; includeInIndex = 0; path = InterviewPreparation.app; sourceTree = BUILT_PRODUCTS_DIR; };
		18C57C4027EB1A7800F2AA77 /* AppDelegate.swift */ = {isa = PBXFileReference; lastKnownFileType = sourcecode.swift; path = AppDelegate.swift; sourceTree = "<group>"; };
		18C57C4227EB1A7800F2AA77 /* SceneDelegate.swift */ = {isa = PBXFileReference; lastKnownFileType = sourcecode.swift; path = SceneDelegate.swift; sourceTree = "<group>"; };
		18C57C4427EB1A7800F2AA77 /* ViewController.swift */ = {isa = PBXFileReference; lastKnownFileType = sourcecode.swift; path = ViewController.swift; sourceTree = "<group>"; };
		18C57C4727EB1A7800F2AA77 /* Base */ = {isa = PBXFileReference; lastKnownFileType = file.storyboard; name = Base; path = Base.lproj/Main.storyboard; sourceTree = "<group>"; };
		18C57C4A27EB1A7800F2AA77 /* InterviewPreparation.xcdatamodel */ = {isa = PBXFileReference; lastKnownFileType = wrapper.xcdatamodel; path = InterviewPreparation.xcdatamodel; sourceTree = "<group>"; };
		18C57C4C27EB1A7B00F2AA77 /* Assets.xcassets */ = {isa = PBXFileReference; lastKnownFileType = folder.assetcatalog; path = Assets.xcassets; sourceTree = "<group>"; };
		18C57C4F27EB1A7B00F2AA77 /* Base */ = {isa = PBXFileReference; lastKnownFileType = file.storyboard; name = Base; path = Base.lproj/LaunchScreen.storyboard; sourceTree = "<group>"; };
		18C57C5127EB1A7B00F2AA77 /* Info.plist */ = {isa = PBXFileReference; lastKnownFileType = text.plist.xml; path = Info.plist; sourceTree = "<group>"; };
		18C57C5627EB1A7B00F2AA77 /* InterviewPreparationTests.xctest */ = {isa = PBXFileReference; explicitFileType = wrapper.cfbundle; includeInIndex = 0; path = InterviewPreparationTests.xctest; sourceTree = BUILT_PRODUCTS_DIR; };
		18C57C5A27EB1A7B00F2AA77 /* InterviewPreparationTests.swift */ = {isa = PBXFileReference; lastKnownFileType = sourcecode.swift; path = InterviewPreparationTests.swift; sourceTree = "<group>"; };
		18C57C5C27EB1A7B00F2AA77 /* Info.plist */ = {isa = PBXFileReference; lastKnownFileType = text.plist.xml; path = Info.plist; sourceTree = "<group>"; };
		18C57C6127EB1A7B00F2AA77 /* InterviewPreparationUITests.xctest */ = {isa = PBXFileReference; explicitFileType = wrapper.cfbundle; includeInIndex = 0; path = InterviewPreparationUITests.xctest; sourceTree = BUILT_PRODUCTS_DIR; };
		18C57C6527EB1A7B00F2AA77 /* InterviewPreparationUITests.swift */ = {isa = PBXFileReference; lastKnownFileType = sourcecode.swift; path = InterviewPreparationUITests.swift; sourceTree = "<group>"; };
		18C57C6727EB1A7B00F2AA77 /* Info.plist */ = {isa = PBXFileReference; lastKnownFileType = text.plist.xml; path = Info.plist; sourceTree = "<group>"; };
		18C57C7E27EB1EB000F2AA77 /* FirstViewModal.swift */ = {isa = PBXFileReference; lastKnownFileType = sourcecode.swift; path = FirstViewModal.swift; sourceTree = "<group>"; };
		18C57C8627EB37B200F2AA77 /* EmployeeTableCell.swift */ = {isa = PBXFileReference; lastKnownFileType = sourcecode.swift; path = EmployeeTableCell.swift; sourceTree = "<group>"; };
		18C57C8727EB37B200F2AA77 /* EmployeeTableCell.xib */ = {isa = PBXFileReference; lastKnownFileType = file.xib; path = EmployeeTableCell.xib; sourceTree = "<group>"; };
		18C57C8D27EB456500F2AA77 /* Employee.swift */ = {isa = PBXFileReference; lastKnownFileType = sourcecode.swift; path = Employee.swift; sourceTree = "<group>"; };
		389DFD9350F6EBAA7C7F5686 /* Pods-InterviewPreparation-InterviewPreparationUITests.release.xcconfig */ = {isa = PBXFileReference; includeInIndex = 1; lastKnownFileType = text.xcconfig; name = "Pods-InterviewPreparation-InterviewPreparationUITests.release.xcconfig"; path = "Target Support Files/Pods-InterviewPreparation-InterviewPreparationUITests/Pods-InterviewPreparation-InterviewPreparationUITests.release.xcconfig"; sourceTree = "<group>"; };
		39A271010558C3BDC9C1423D /* Pods_InterviewPreparation.framework */ = {isa = PBXFileReference; explicitFileType = wrapper.framework; includeInIndex = 0; path = Pods_InterviewPreparation.framework; sourceTree = BUILT_PRODUCTS_DIR; };
		4435D3C7F27C1CA47B3AD5A4 /* Pods-InterviewPreparation.debug.xcconfig */ = {isa = PBXFileReference; includeInIndex = 1; lastKnownFileType = text.xcconfig; name = "Pods-InterviewPreparation.debug.xcconfig"; path = "Target Support Files/Pods-InterviewPreparation/Pods-InterviewPreparation.debug.xcconfig"; sourceTree = "<group>"; };
		6DEEA825A79EC1968816410C /* Pods-InterviewPreparation-InterviewPreparationUITests.debug.xcconfig */ = {isa = PBXFileReference; includeInIndex = 1; lastKnownFileType = text.xcconfig; name = "Pods-InterviewPreparation-InterviewPreparationUITests.debug.xcconfig"; path = "Target Support Files/Pods-InterviewPreparation-InterviewPreparationUITests/Pods-InterviewPreparation-InterviewPreparationUITests.debug.xcconfig"; sourceTree = "<group>"; };
		7ABC85C02803F0EB00E329B7 /* Table+CollectionViewController.swift */ = {isa = PBXFileReference; lastKnownFileType = sourcecode.swift; path = "Table+CollectionViewController.swift"; sourceTree = "<group>"; };
		7ABC85C12803F0EB00E329B7 /* Table+CollectionViewController.xib */ = {isa = PBXFileReference; lastKnownFileType = file.xib; path = "Table+CollectionViewController.xib"; sourceTree = "<group>"; };
		7ABC85C42803F3E200E329B7 /* TableCollectionView.swift */ = {isa = PBXFileReference; lastKnownFileType = sourcecode.swift; path = TableCollectionView.swift; sourceTree = "<group>"; };
		7ABC85C728045AA500E329B7 /* CustomText.swift */ = {isa = PBXFileReference; fileEncoding = 4; lastKnownFileType = sourcecode.swift; name = CustomText.swift; path = "../../../../../Downloads/SwiftUIDemo-main/Pargo_SwiftUI/Views/CustomView/CustomText.swift"; sourceTree = "<group>"; };
		7ABC85C928045AC700E329B7 /* NavigationBar.swift */ = {isa = PBXFileReference; fileEncoding = 4; lastKnownFileType = sourcecode.swift; path = NavigationBar.swift; sourceTree = "<group>"; };
		7ABC85CB2804641C00E329B7 /* SearchBar.swift */ = {isa = PBXFileReference; fileEncoding = 4; lastKnownFileType = sourcecode.swift; path = SearchBar.swift; sourceTree = "<group>"; };
		7ABC85CD2804645E00E329B7 /* HorizontalCell.swift */ = {isa = PBXFileReference; fileEncoding = 4; lastKnownFileType = sourcecode.swift; path = HorizontalCell.swift; sourceTree = "<group>"; };
		7ABC85CF280464A300E329B7 /* ModalData.swift */ = {isa = PBXFileReference; fileEncoding = 4; lastKnownFileType = sourcecode.swift; path = ModalData.swift; sourceTree = "<group>"; };
		7ABC85D1280464D300E329B7 /* AsyncImageView.swift */ = {isa = PBXFileReference; fileEncoding = 4; lastKnownFileType = sourcecode.swift; path = AsyncImageView.swift; sourceTree = "<group>"; };
		7ABC85D32804652600E329B7 /* HomeListView.swift */ = {isa = PBXFileReference; fileEncoding = 4; lastKnownFileType = sourcecode.swift; path = HomeListView.swift; sourceTree = "<group>"; };
		7ABC85D52804658C00E329B7 /* HomeViewModal.swift */ = {isa = PBXFileReference; fileEncoding = 4; lastKnownFileType = sourcecode.swift; path = HomeViewModal.swift; sourceTree = "<group>"; };
		7ABC85D7280465AF00E329B7 /* Contents.swift */ = {isa = PBXFileReference; fileEncoding = 4; lastKnownFileType = sourcecode.swift; path = Contents.swift; sourceTree = "<group>"; };
		7ABC85D92804663D00E329B7 /* APIManager.swift */ = {isa = PBXFileReference; fileEncoding = 4; lastKnownFileType = sourcecode.swift; path = APIManager.swift; sourceTree = "<group>"; };
		7ABC85DB2804664F00E329B7 /* APIConfiguration.swift */ = {isa = PBXFileReference; fileEncoding = 4; lastKnownFileType = sourcecode.swift; path = APIConfiguration.swift; sourceTree = "<group>"; };
		7ABC85E02804674500E329B7 /* NetworkManager.swift */ = {isa = PBXFileReference; fileEncoding = 4; lastKnownFileType = sourcecode.swift; path = NetworkManager.swift; sourceTree = "<group>"; };
		7ABC85E42804686000E329B7 /* APIConstant.swift */ = {isa = PBXFileReference; fileEncoding = 4; lastKnownFileType = sourcecode.swift; path = APIConstant.swift; sourceTree = "<group>"; };
		7ABC85E728058F4200E329B7 /* SwiftUIViewModal.swift */ = {isa = PBXFileReference; lastKnownFileType = sourcecode.swift; path = SwiftUIViewModal.swift; sourceTree = "<group>"; };
		7ABC85EB2806D31500E329B7 /* SettingView.swift */ = {isa = PBXFileReference; lastKnownFileType = sourcecode.swift; path = SettingView.swift; sourceTree = "<group>"; };
		7ABC85ED2806D43700E329B7 /* SettingViewModal.swift */ = {isa = PBXFileReference; lastKnownFileType = sourcecode.swift; path = SettingViewModal.swift; sourceTree = "<group>"; };
		7ABC860B280D3A4A00E329B7 /* RxSwiftViewController.swift */ = {isa = PBXFileReference; lastKnownFileType = sourcecode.swift; path = RxSwiftViewController.swift; sourceTree = "<group>"; };
		7ABC860C280D3A4A00E329B7 /* RxSwiftViewController.xib */ = {isa = PBXFileReference; lastKnownFileType = file.xib; path = RxSwiftViewController.xib; sourceTree = "<group>"; };
		7ABC860F280D3A6B00E329B7 /* RxSwiftViewModal.swift */ = {isa = PBXFileReference; lastKnownFileType = sourcecode.swift; path = RxSwiftViewModal.swift; sourceTree = "<group>"; };
		7ABC8611280E83DE00E329B7 /* SettingDetail.swift */ = {isa = PBXFileReference; lastKnownFileType = sourcecode.swift; path = SettingDetail.swift; sourceTree = "<group>"; };
		7ADFBC74280E91DD00D3E734 /* SettingTopView.swift */ = {isa = PBXFileReference; lastKnownFileType = sourcecode.swift; path = SettingTopView.swift; sourceTree = "<group>"; };
		7ADFBC77280E926F00D3E734 /* FormView.swift */ = {isa = PBXFileReference; lastKnownFileType = sourcecode.swift; path = FormView.swift; sourceTree = "<group>"; };
		7ADFBC79280E9D6200D3E734 /* SettingDetailViewModal.swift */ = {isa = PBXFileReference; lastKnownFileType = sourcecode.swift; path = SettingDetailViewModal.swift; sourceTree = "<group>"; };
		7ADFBC7C280EC6CB00D3E734 /* SettingToggleView.swift */ = {isa = PBXFileReference; lastKnownFileType = sourcecode.swift; path = SettingToggleView.swift; sourceTree = "<group>"; };
		7ADFBC7E280ED87D00D3E734 /* DownloadView.swift */ = {isa = PBXFileReference; lastKnownFileType = sourcecode.swift; path = DownloadView.swift; sourceTree = "<group>"; };
		7ADFBC80280EDFE600D3E734 /* SegmentPicker.swift */ = {isa = PBXFileReference; lastKnownFileType = sourcecode.swift; path = SegmentPicker.swift; sourceTree = "<group>"; };
		85A4726A115E44E24C15448D /* Pods-InterviewPreparationTests.debug.xcconfig */ = {isa = PBXFileReference; includeInIndex = 1; lastKnownFileType = text.xcconfig; name = "Pods-InterviewPreparationTests.debug.xcconfig"; path = "Target Support Files/Pods-InterviewPreparationTests/Pods-InterviewPreparationTests.debug.xcconfig"; sourceTree = "<group>"; };
		C67BE237BEB030B48C1E11C2 /* Pods_InterviewPreparation_InterviewPreparationUITests.framework */ = {isa = PBXFileReference; explicitFileType = wrapper.framework; includeInIndex = 0; path = Pods_InterviewPreparation_InterviewPreparationUITests.framework; sourceTree = BUILT_PRODUCTS_DIR; };
/* End PBXFileReference section */

/* Begin PBXFrameworksBuildPhase section */
		18C57C3A27EB1A7800F2AA77 /* Frameworks */ = {
			isa = PBXFrameworksBuildPhase;
			buildActionMask = 2147483647;
			files = (
				7ADFBC71280E866B00D3E734 /* RxCocoa in Frameworks */,
				7ABC85DF280466BA00E329B7 /* Alamofire in Frameworks */,
				7ADFBC73280E866B00D3E734 /* RxSwift in Frameworks */,
				C2A10A4C4537A231FCBD897B /* Pods_InterviewPreparation.framework in Frameworks */,
			);
			runOnlyForDeploymentPostprocessing = 0;
		};
		18C57C5327EB1A7B00F2AA77 /* Frameworks */ = {
			isa = PBXFrameworksBuildPhase;
			buildActionMask = 2147483647;
			files = (
				F4C197FDB0E7BDAF7662FD83 /* Pods_InterviewPreparationTests.framework in Frameworks */,
			);
			runOnlyForDeploymentPostprocessing = 0;
		};
		18C57C5E27EB1A7B00F2AA77 /* Frameworks */ = {
			isa = PBXFrameworksBuildPhase;
			buildActionMask = 2147483647;
			files = (
				73FBFB12918BE16530331F8B /* Pods_InterviewPreparation_InterviewPreparationUITests.framework in Frameworks */,
			);
			runOnlyForDeploymentPostprocessing = 0;
		};
/* End PBXFrameworksBuildPhase section */

/* Begin PBXGroup section */
		18847E8C27F6B78000B7D7C4 /* CompositionLayout */ = {
			isa = PBXGroup;
			children = (
				18847E8D27F6B7A000B7D7C4 /* CompositionViewController.swift */,
				18847E8E27F6B7A000B7D7C4 /* CompositionViewController.xib */,
			);
			path = CompositionLayout;
			sourceTree = "<group>";
		};
		18AA864B27F436010069610E /* Combine */ = {
			isa = PBXGroup;
			children = (
				18AA864427F435D50069610E /* CombineViewController.swift */,
				18AA864527F435D50069610E /* CombineViewController.xib */,
			);
			path = Combine;
			sourceTree = "<group>";
		};
		18C57C3427EB1A7800F2AA77 = {
			isa = PBXGroup;
			children = (
				18C57C3F27EB1A7800F2AA77 /* InterviewPreparation */,
				18C57C5927EB1A7B00F2AA77 /* InterviewPreparationTests */,
				18C57C6427EB1A7B00F2AA77 /* InterviewPreparationUITests */,
				18C57C3E27EB1A7800F2AA77 /* Products */,
				836C9A42E949E6A774D95AC4 /* Pods */,
				756BF501C436CBAF854CD365 /* Frameworks */,
			);
			sourceTree = "<group>";
		};
		18C57C3E27EB1A7800F2AA77 /* Products */ = {
			isa = PBXGroup;
			children = (
				18C57C3D27EB1A7800F2AA77 /* InterviewPreparation.app */,
				18C57C5627EB1A7B00F2AA77 /* InterviewPreparationTests.xctest */,
				18C57C6127EB1A7B00F2AA77 /* InterviewPreparationUITests.xctest */,
			);
			name = Products;
			sourceTree = "<group>";
		};
		18C57C3F27EB1A7800F2AA77 /* InterviewPreparation */ = {
			isa = PBXGroup;
			children = (
				18C57C7C27EB1AD800F2AA77 /* DefaultFiles */,
				18C57C7A27EB1ABE00F2AA77 /* Extension */,
				18C57C7927EB1AA900F2AA77 /* Utility */,
				18C57C7827EB1AA300F2AA77 /* Modal */,
				18C57C7727EB1A9600F2AA77 /* ViewModal */,
				18C57C7627EB1A9000F2AA77 /* View */,
				18C57C4C27EB1A7B00F2AA77 /* Assets.xcassets */,
				18C57C4E27EB1A7B00F2AA77 /* LaunchScreen.storyboard */,
				18C57C5127EB1A7B00F2AA77 /* Info.plist */,
				18C57C4927EB1A7800F2AA77 /* InterviewPreparation.xcdatamodeld */,
			);
			path = InterviewPreparation;
			sourceTree = "<group>";
		};
		18C57C5927EB1A7B00F2AA77 /* InterviewPreparationTests */ = {
			isa = PBXGroup;
			children = (
				18C57C5A27EB1A7B00F2AA77 /* InterviewPreparationTests.swift */,
				18C57C5C27EB1A7B00F2AA77 /* Info.plist */,
			);
			path = InterviewPreparationTests;
			sourceTree = "<group>";
		};
		18C57C6427EB1A7B00F2AA77 /* InterviewPreparationUITests */ = {
			isa = PBXGroup;
			children = (
				18C57C6527EB1A7B00F2AA77 /* InterviewPreparationUITests.swift */,
				18C57C6727EB1A7B00F2AA77 /* Info.plist */,
			);
			path = InterviewPreparationUITests;
			sourceTree = "<group>";
		};
		18C57C7627EB1A9000F2AA77 /* View */ = {
			isa = PBXGroup;
			children = (
				7ABC860A280D3A2800E329B7 /* RxSwift */,
				7ABC85C62804275100E329B7 /* SwiftUI */,
				7ABC85BF2803F0BB00E329B7 /* TableView + CollectionView */,
				18847E8C27F6B78000B7D7C4 /* CompositionLayout */,
				18AA864B27F436010069610E /* Combine */,
				18C57C4427EB1A7800F2AA77 /* ViewController.swift */,
				18C57C8627EB37B200F2AA77 /* EmployeeTableCell.swift */,
				18C57C8727EB37B200F2AA77 /* EmployeeTableCell.xib */,
				18AA863827F427E20069610E /* ListTableCell.swift */,
				18AA863927F427E20069610E /* ListTableCell.xib */,
			);
			path = View;
			sourceTree = "<group>";
		};
		18C57C7727EB1A9600F2AA77 /* ViewModal */ = {
			isa = PBXGroup;
			children = (
				7ABC85D52804658C00E329B7 /* HomeViewModal.swift */,
				18C57C7E27EB1EB000F2AA77 /* FirstViewModal.swift */,
				18AA864C27F4389B0069610E /* CombineViewModal.swift */,
				18847E9427F6B85300B7D7C4 /* CompositonViewModal.swift */,
				7ABC85E728058F4200E329B7 /* SwiftUIViewModal.swift */,
			);
			path = ViewModal;
			sourceTree = "<group>";
		};
		18C57C7827EB1AA300F2AA77 /* Modal */ = {
			isa = PBXGroup;
			children = (
				18C57C8D27EB456500F2AA77 /* Employee.swift */,
			);
			path = Modal;
			sourceTree = "<group>";
		};
		18C57C7927EB1AA900F2AA77 /* Utility */ = {
			isa = PBXGroup;
			children = (
				1863ABA627EC233000575DEC /* ErrorMessages.swift */,
			);
			path = Utility;
			sourceTree = "<group>";
		};
		18C57C7A27EB1ABE00F2AA77 /* Extension */ = {
			isa = PBXGroup;
			children = (
				18AA865527F47A0D0069610E /* UIImageView+Extension.swift */,
				18AA863F27F431480069610E /* Array+Extension.swift */,
				18AA863327F4270E0069610E /* UITableView+Extension.swift */,
				18847E9927F6B8F000B7D7C4 /* CollectionView+Extension.swift */,
			);
			path = Extension;
			sourceTree = "<group>";
		};
		18C57C7C27EB1AD800F2AA77 /* DefaultFiles */ = {
			isa = PBXGroup;
			children = (
				18C57C4027EB1A7800F2AA77 /* AppDelegate.swift */,
				18C57C4227EB1A7800F2AA77 /* SceneDelegate.swift */,
				18C57C4627EB1A7800F2AA77 /* Main.storyboard */,
			);
			path = DefaultFiles;
			sourceTree = "<group>";
		};
		756BF501C436CBAF854CD365 /* Frameworks */ = {
			isa = PBXGroup;
			children = (
				39A271010558C3BDC9C1423D /* Pods_InterviewPreparation.framework */,
				C67BE237BEB030B48C1E11C2 /* Pods_InterviewPreparation_InterviewPreparationUITests.framework */,
				0A39F592E89D4EC32087DE66 /* Pods_InterviewPreparationTests.framework */,
			);
			name = Frameworks;
			sourceTree = "<group>";
		};
		7ABC85BF2803F0BB00E329B7 /* TableView + CollectionView */ = {
			isa = PBXGroup;
			children = (
				7ABC85C02803F0EB00E329B7 /* Table+CollectionViewController.swift */,
				7ABC85C12803F0EB00E329B7 /* Table+CollectionViewController.xib */,
			);
			path = "TableView + CollectionView";
			sourceTree = "<group>";
		};
		7ABC85C62804275100E329B7 /* SwiftUI */ = {
			isa = PBXGroup;
			children = (
				7ADFBC7B280E9D9600D3E734 /* ViewModal */,
				7ADFBC76280E925D00D3E734 /* Views */,
				7ABC85E628058E6900E329B7 /* UnUsed */,
				7ABC85D92804663D00E329B7 /* APIManager.swift */,
				7ABC85CD2804645E00E329B7 /* HorizontalCell.swift */,
				7ABC85C928045AC700E329B7 /* NavigationBar.swift */,
				7ABC85C728045AA500E329B7 /* CustomText.swift */,
				7ABC85C42803F3E200E329B7 /* TableCollectionView.swift */,
			);
			path = SwiftUI;
			sourceTree = "<group>";
		};
		7ABC85E628058E6900E329B7 /* UnUsed */ = {
			isa = PBXGroup;
			children = (
				7ABC85CB2804641C00E329B7 /* SearchBar.swift */,
				7ABC85CF280464A300E329B7 /* ModalData.swift */,
				7ABC85D32804652600E329B7 /* HomeListView.swift */,
				7ABC85E02804674500E329B7 /* NetworkManager.swift */,
				7ABC85E42804686000E329B7 /* APIConstant.swift */,
				7ABC85DB2804664F00E329B7 /* APIConfiguration.swift */,
				7ABC85D1280464D300E329B7 /* AsyncImageView.swift */,
				7ABC85D7280465AF00E329B7 /* Contents.swift */,
			);
			path = UnUsed;
			sourceTree = "<group>";
		};
		7ABC860A280D3A2800E329B7 /* RxSwift */ = {
			isa = PBXGroup;
			children = (
				7ABC860B280D3A4A00E329B7 /* RxSwiftViewController.swift */,
				7ABC860C280D3A4A00E329B7 /* RxSwiftViewController.xib */,
				7ABC860F280D3A6B00E329B7 /* RxSwiftViewModal.swift */,
			);
			path = RxSwift;
			sourceTree = "<group>";
		};
		7ADFBC76280E925D00D3E734 /* Views */ = {
			isa = PBXGroup;
			children = (
				7ADFBC74280E91DD00D3E734 /* SettingTopView.swift */,
				7ABC85EB2806D31500E329B7 /* SettingView.swift */,
				7ADFBC77280E926F00D3E734 /* FormView.swift */,
				7ABC8611280E83DE00E329B7 /* SettingDetail.swift */,
				7ADFBC7C280EC6CB00D3E734 /* SettingToggleView.swift */,
				7ADFBC7E280ED87D00D3E734 /* DownloadView.swift */,
				7ADFBC80280EDFE600D3E734 /* SegmentPicker.swift */,
			);
			path = Views;
			sourceTree = "<group>";
		};
		7ADFBC7B280E9D9600D3E734 /* ViewModal */ = {
			isa = PBXGroup;
			children = (
				7ABC85ED2806D43700E329B7 /* SettingViewModal.swift */,
				7ADFBC79280E9D6200D3E734 /* SettingDetailViewModal.swift */,
			);
			path = ViewModal;
			sourceTree = "<group>";
		};
		836C9A42E949E6A774D95AC4 /* Pods */ = {
			isa = PBXGroup;
			children = (
				4435D3C7F27C1CA47B3AD5A4 /* Pods-InterviewPreparation.debug.xcconfig */,
				154AE3E564384B1D564F0FC8 /* Pods-InterviewPreparation.release.xcconfig */,
				6DEEA825A79EC1968816410C /* Pods-InterviewPreparation-InterviewPreparationUITests.debug.xcconfig */,
				389DFD9350F6EBAA7C7F5686 /* Pods-InterviewPreparation-InterviewPreparationUITests.release.xcconfig */,
				85A4726A115E44E24C15448D /* Pods-InterviewPreparationTests.debug.xcconfig */,
				0AC37C7B65CDB1F6F4B7957B /* Pods-InterviewPreparationTests.release.xcconfig */,
			);
			path = Pods;
			sourceTree = "<group>";
		};
/* End PBXGroup section */

/* Begin PBXNativeTarget section */
		18C57C3C27EB1A7800F2AA77 /* InterviewPreparation */ = {
			isa = PBXNativeTarget;
			buildConfigurationList = 18C57C6A27EB1A7B00F2AA77 /* Build configuration list for PBXNativeTarget "InterviewPreparation" */;
			buildPhases = (
				8F9F7972CD3AAC4D0B9F3D74 /* [CP] Check Pods Manifest.lock */,
				18C57C3927EB1A7800F2AA77 /* Sources */,
				18C57C3A27EB1A7800F2AA77 /* Frameworks */,
				18C57C3B27EB1A7800F2AA77 /* Resources */,
			);
			buildRules = (
			);
			dependencies = (
			);
			name = InterviewPreparation;
			packageProductDependencies = (
				7ABC85DE280466BA00E329B7 /* Alamofire */,
				7ADFBC70280E866B00D3E734 /* RxCocoa */,
				7ADFBC72280E866B00D3E734 /* RxSwift */,
			);
			productName = InterviewPreparation;
			productReference = 18C57C3D27EB1A7800F2AA77 /* InterviewPreparation.app */;
			productType = "com.apple.product-type.application";
		};
		18C57C5527EB1A7B00F2AA77 /* InterviewPreparationTests */ = {
			isa = PBXNativeTarget;
			buildConfigurationList = 18C57C6D27EB1A7B00F2AA77 /* Build configuration list for PBXNativeTarget "InterviewPreparationTests" */;
			buildPhases = (
				C4D22AE271A114156F2DA0A6 /* [CP] Check Pods Manifest.lock */,
				18C57C5227EB1A7B00F2AA77 /* Sources */,
				18C57C5327EB1A7B00F2AA77 /* Frameworks */,
				18C57C5427EB1A7B00F2AA77 /* Resources */,
			);
			buildRules = (
			);
			dependencies = (
				18C57C5827EB1A7B00F2AA77 /* PBXTargetDependency */,
			);
			name = InterviewPreparationTests;
			productName = InterviewPreparationTests;
			productReference = 18C57C5627EB1A7B00F2AA77 /* InterviewPreparationTests.xctest */;
			productType = "com.apple.product-type.bundle.unit-test";
		};
		18C57C6027EB1A7B00F2AA77 /* InterviewPreparationUITests */ = {
			isa = PBXNativeTarget;
			buildConfigurationList = 18C57C7027EB1A7B00F2AA77 /* Build configuration list for PBXNativeTarget "InterviewPreparationUITests" */;
			buildPhases = (
				5993949462D1E563240C9385 /* [CP] Check Pods Manifest.lock */,
				18C57C5D27EB1A7B00F2AA77 /* Sources */,
				18C57C5E27EB1A7B00F2AA77 /* Frameworks */,
				18C57C5F27EB1A7B00F2AA77 /* Resources */,
			);
			buildRules = (
			);
			dependencies = (
				18C57C6327EB1A7B00F2AA77 /* PBXTargetDependency */,
			);
			name = InterviewPreparationUITests;
			productName = InterviewPreparationUITests;
			productReference = 18C57C6127EB1A7B00F2AA77 /* InterviewPreparationUITests.xctest */;
			productType = "com.apple.product-type.bundle.ui-testing";
		};
/* End PBXNativeTarget section */

/* Begin PBXProject section */
		18C57C3527EB1A7800F2AA77 /* Project object */ = {
			isa = PBXProject;
			attributes = {
				LastSwiftUpdateCheck = 1240;
				LastUpgradeCheck = 1240;
				TargetAttributes = {
					18C57C3C27EB1A7800F2AA77 = {
						CreatedOnToolsVersion = 12.4;
					};
					18C57C5527EB1A7B00F2AA77 = {
						CreatedOnToolsVersion = 12.4;
						TestTargetID = 18C57C3C27EB1A7800F2AA77;
					};
					18C57C6027EB1A7B00F2AA77 = {
						CreatedOnToolsVersion = 12.4;
						TestTargetID = 18C57C3C27EB1A7800F2AA77;
					};
				};
			};
			buildConfigurationList = 18C57C3827EB1A7800F2AA77 /* Build configuration list for PBXProject "InterviewPreparation" */;
			compatibilityVersion = "Xcode 9.3";
			developmentRegion = en;
			hasScannedForEncodings = 0;
			knownRegions = (
				en,
				Base,
			);
			mainGroup = 18C57C3427EB1A7800F2AA77;
			packageReferences = (
				18AA865127F479E40069610E /* XCRemoteSwiftPackageReference "SDWebImage" */,
				7ABC85DD280466BA00E329B7 /* XCRemoteSwiftPackageReference "Alamofire" */,
				7ADFBC6F280E866B00D3E734 /* XCRemoteSwiftPackageReference "RxSwift" */,
			);
			productRefGroup = 18C57C3E27EB1A7800F2AA77 /* Products */;
			projectDirPath = "";
			projectRoot = "";
			targets = (
				18C57C3C27EB1A7800F2AA77 /* InterviewPreparation */,
				18C57C5527EB1A7B00F2AA77 /* InterviewPreparationTests */,
				18C57C6027EB1A7B00F2AA77 /* InterviewPreparationUITests */,
			);
		};
/* End PBXProject section */

/* Begin PBXResourcesBuildPhase section */
		18C57C3B27EB1A7800F2AA77 /* Resources */ = {
			isa = PBXResourcesBuildPhase;
			buildActionMask = 2147483647;
			files = (
				18C57C5027EB1A7B00F2AA77 /* LaunchScreen.storyboard in Resources */,
				7ABC860E280D3A4A00E329B7 /* RxSwiftViewController.xib in Resources */,
				18C57C4D27EB1A7B00F2AA77 /* Assets.xcassets in Resources */,
				18AA864727F435D50069610E /* CombineViewController.xib in Resources */,
				18AA863B27F427E20069610E /* ListTableCell.xib in Resources */,
				18C57C8927EB37B200F2AA77 /* EmployeeTableCell.xib in Resources */,
				7ABC85C32803F0EB00E329B7 /* Table+CollectionViewController.xib in Resources */,
				18C57C4827EB1A7800F2AA77 /* Main.storyboard in Resources */,
				18847E9027F6B7A000B7D7C4 /* CompositionViewController.xib in Resources */,
			);
			runOnlyForDeploymentPostprocessing = 0;
		};
		18C57C5427EB1A7B00F2AA77 /* Resources */ = {
			isa = PBXResourcesBuildPhase;
			buildActionMask = 2147483647;
			files = (
			);
			runOnlyForDeploymentPostprocessing = 0;
		};
		18C57C5F27EB1A7B00F2AA77 /* Resources */ = {
			isa = PBXResourcesBuildPhase;
			buildActionMask = 2147483647;
			files = (
			);
			runOnlyForDeploymentPostprocessing = 0;
		};
/* End PBXResourcesBuildPhase section */

/* Begin PBXShellScriptBuildPhase section */
		5993949462D1E563240C9385 /* [CP] Check Pods Manifest.lock */ = {
			isa = PBXShellScriptBuildPhase;
			buildActionMask = 2147483647;
			files = (
			);
			inputFileListPaths = (
			);
			inputPaths = (
				"${PODS_PODFILE_DIR_PATH}/Podfile.lock",
				"${PODS_ROOT}/Manifest.lock",
			);
			name = "[CP] Check Pods Manifest.lock";
			outputFileListPaths = (
			);
			outputPaths = (
				"$(DERIVED_FILE_DIR)/Pods-InterviewPreparation-InterviewPreparationUITests-checkManifestLockResult.txt",
			);
			runOnlyForDeploymentPostprocessing = 0;
			shellPath = /bin/sh;
			shellScript = "diff \"${PODS_PODFILE_DIR_PATH}/Podfile.lock\" \"${PODS_ROOT}/Manifest.lock\" > /dev/null\nif [ $? != 0 ] ; then\n    # print error to STDERR\n    echo \"error: The sandbox is not in sync with the Podfile.lock. Run 'pod install' or update your CocoaPods installation.\" >&2\n    exit 1\nfi\n# This output is used by Xcode 'outputs' to avoid re-running this script phase.\necho \"SUCCESS\" > \"${SCRIPT_OUTPUT_FILE_0}\"\n";
			showEnvVarsInLog = 0;
		};
		8F9F7972CD3AAC4D0B9F3D74 /* [CP] Check Pods Manifest.lock */ = {
			isa = PBXShellScriptBuildPhase;
			buildActionMask = 2147483647;
			files = (
			);
			inputFileListPaths = (
			);
			inputPaths = (
				"${PODS_PODFILE_DIR_PATH}/Podfile.lock",
				"${PODS_ROOT}/Manifest.lock",
			);
			name = "[CP] Check Pods Manifest.lock";
			outputFileListPaths = (
			);
			outputPaths = (
				"$(DERIVED_FILE_DIR)/Pods-InterviewPreparation-checkManifestLockResult.txt",
			);
			runOnlyForDeploymentPostprocessing = 0;
			shellPath = /bin/sh;
			shellScript = "diff \"${PODS_PODFILE_DIR_PATH}/Podfile.lock\" \"${PODS_ROOT}/Manifest.lock\" > /dev/null\nif [ $? != 0 ] ; then\n    # print error to STDERR\n    echo \"error: The sandbox is not in sync with the Podfile.lock. Run 'pod install' or update your CocoaPods installation.\" >&2\n    exit 1\nfi\n# This output is used by Xcode 'outputs' to avoid re-running this script phase.\necho \"SUCCESS\" > \"${SCRIPT_OUTPUT_FILE_0}\"\n";
			showEnvVarsInLog = 0;
		};
		C4D22AE271A114156F2DA0A6 /* [CP] Check Pods Manifest.lock */ = {
			isa = PBXShellScriptBuildPhase;
			buildActionMask = 2147483647;
			files = (
			);
			inputFileListPaths = (
			);
			inputPaths = (
				"${PODS_PODFILE_DIR_PATH}/Podfile.lock",
				"${PODS_ROOT}/Manifest.lock",
			);
			name = "[CP] Check Pods Manifest.lock";
			outputFileListPaths = (
			);
			outputPaths = (
				"$(DERIVED_FILE_DIR)/Pods-InterviewPreparationTests-checkManifestLockResult.txt",
			);
			runOnlyForDeploymentPostprocessing = 0;
			shellPath = /bin/sh;
			shellScript = "diff \"${PODS_PODFILE_DIR_PATH}/Podfile.lock\" \"${PODS_ROOT}/Manifest.lock\" > /dev/null\nif [ $? != 0 ] ; then\n    # print error to STDERR\n    echo \"error: The sandbox is not in sync with the Podfile.lock. Run 'pod install' or update your CocoaPods installation.\" >&2\n    exit 1\nfi\n# This output is used by Xcode 'outputs' to avoid re-running this script phase.\necho \"SUCCESS\" > \"${SCRIPT_OUTPUT_FILE_0}\"\n";
			showEnvVarsInLog = 0;
		};
/* End PBXShellScriptBuildPhase section */

/* Begin PBXSourcesBuildPhase section */
		18C57C3927EB1A7800F2AA77 /* Sources */ = {
			isa = PBXSourcesBuildPhase;
			buildActionMask = 2147483647;
			files = (
				7ADFBC7A280E9D6200D3E734 /* SettingDetailViewModal.swift in Sources */,
				7ABC8610280D3A6B00E329B7 /* RxSwiftViewModal.swift in Sources */,
				1863ABA727EC233000575DEC /* ErrorMessages.swift in Sources */,
				7ADFBC7D280EC6CB00D3E734 /* SettingToggleView.swift in Sources */,
				7ABC85CE2804645E00E329B7 /* HorizontalCell.swift in Sources */,
				7ABC85C22803F0EB00E329B7 /* Table+CollectionViewController.swift in Sources */,
				18C57C4527EB1A7800F2AA77 /* ViewController.swift in Sources */,
				18847E9A27F6B8F000B7D7C4 /* CollectionView+Extension.swift in Sources */,
				7ABC85DA2804663D00E329B7 /* APIManager.swift in Sources */,
				7ABC85C52803F3E200E329B7 /* TableCollectionView.swift in Sources */,
				7ABC85DC2804664F00E329B7 /* APIConfiguration.swift in Sources */,
				18AA865627F47A0D0069610E /* UIImageView+Extension.swift in Sources */,
				7ABC85EC2806D31500E329B7 /* SettingView.swift in Sources */,
				7ABC8612280E83DE00E329B7 /* SettingDetail.swift in Sources */,
				18AA863427F4270E0069610E /* UITableView+Extension.swift in Sources */,
				18AA864027F431480069610E /* Array+Extension.swift in Sources */,
				7ADFBC75280E91DD00D3E734 /* SettingTopView.swift in Sources */,
				18C57C4B27EB1A7800F2AA77 /* InterviewPreparation.xcdatamodeld in Sources */,
				7ABC85E828058F4200E329B7 /* SwiftUIViewModal.swift in Sources */,
				7ADFBC81280EDFE600D3E734 /* SegmentPicker.swift in Sources */,
				7ABC85CC2804641C00E329B7 /* SearchBar.swift in Sources */,
				18C57C8827EB37B200F2AA77 /* EmployeeTableCell.swift in Sources */,
				18847E9527F6B85300B7D7C4 /* CompositonViewModal.swift in Sources */,
				7ABC85EE2806D43700E329B7 /* SettingViewModal.swift in Sources */,
				7ABC85D42804652600E329B7 /* HomeListView.swift in Sources */,
				7ABC85CA28045AC700E329B7 /* NavigationBar.swift in Sources */,
				18C57C8E27EB456500F2AA77 /* Employee.swift in Sources */,
				7ABC85E12804674500E329B7 /* NetworkManager.swift in Sources */,
				18AA863A27F427E20069610E /* ListTableCell.swift in Sources */,
				18C57C7F27EB1EB000F2AA77 /* FirstViewModal.swift in Sources */,
				7ABC85D0280464A300E329B7 /* ModalData.swift in Sources */,
				7ABC85D2280464D300E329B7 /* AsyncImageView.swift in Sources */,
				7ABC85D62804658C00E329B7 /* HomeViewModal.swift in Sources */,
				18C57C4127EB1A7800F2AA77 /* AppDelegate.swift in Sources */,
				7ABC85E52804686000E329B7 /* APIConstant.swift in Sources */,
				7ADFBC78280E926F00D3E734 /* FormView.swift in Sources */,
				18AA864D27F4389B0069610E /* CombineViewModal.swift in Sources */,
				7ABC85D8280465AF00E329B7 /* Contents.swift in Sources */,
				18847E8F27F6B7A000B7D7C4 /* CompositionViewController.swift in Sources */,
				7ADFBC7F280ED87D00D3E734 /* DownloadView.swift in Sources */,
				7ABC860D280D3A4A00E329B7 /* RxSwiftViewController.swift in Sources */,
				18AA864627F435D50069610E /* CombineViewController.swift in Sources */,
				18C57C4327EB1A7800F2AA77 /* SceneDelegate.swift in Sources */,
				7ABC85C828045AA500E329B7 /* CustomText.swift in Sources */,
			);
			runOnlyForDeploymentPostprocessing = 0;
		};
		18C57C5227EB1A7B00F2AA77 /* Sources */ = {
			isa = PBXSourcesBuildPhase;
			buildActionMask = 2147483647;
			files = (
				18C57C5B27EB1A7B00F2AA77 /* InterviewPreparationTests.swift in Sources */,
			);
			runOnlyForDeploymentPostprocessing = 0;
		};
		18C57C5D27EB1A7B00F2AA77 /* Sources */ = {
			isa = PBXSourcesBuildPhase;
			buildActionMask = 2147483647;
			files = (
				18C57C6627EB1A7B00F2AA77 /* InterviewPreparationUITests.swift in Sources */,
			);
			runOnlyForDeploymentPostprocessing = 0;
		};
/* End PBXSourcesBuildPhase section */

/* Begin PBXTargetDependency section */
		18C57C5827EB1A7B00F2AA77 /* PBXTargetDependency */ = {
			isa = PBXTargetDependency;
			target = 18C57C3C27EB1A7800F2AA77 /* InterviewPreparation */;
			targetProxy = 18C57C5727EB1A7B00F2AA77 /* PBXContainerItemProxy */;
		};
		18C57C6327EB1A7B00F2AA77 /* PBXTargetDependency */ = {
			isa = PBXTargetDependency;
			target = 18C57C3C27EB1A7800F2AA77 /* InterviewPreparation */;
			targetProxy = 18C57C6227EB1A7B00F2AA77 /* PBXContainerItemProxy */;
		};
/* End PBXTargetDependency section */

/* Begin PBXVariantGroup section */
		18C57C4627EB1A7800F2AA77 /* Main.storyboard */ = {
			isa = PBXVariantGroup;
			children = (
				18C57C4727EB1A7800F2AA77 /* Base */,
			);
			name = Main.storyboard;
			sourceTree = "<group>";
		};
		18C57C4E27EB1A7B00F2AA77 /* LaunchScreen.storyboard */ = {
			isa = PBXVariantGroup;
			children = (
				18C57C4F27EB1A7B00F2AA77 /* Base */,
			);
			name = LaunchScreen.storyboard;
			sourceTree = "<group>";
		};
/* End PBXVariantGroup section */

/* Begin XCBuildConfiguration section */
		18C57C6827EB1A7B00F2AA77 /* Debug */ = {
			isa = XCBuildConfiguration;
			buildSettings = {
				ALWAYS_SEARCH_USER_PATHS = NO;
				CLANG_ANALYZER_NONNULL = YES;
				CLANG_ANALYZER_NUMBER_OBJECT_CONVERSION = YES_AGGRESSIVE;
				CLANG_CXX_LANGUAGE_STANDARD = "gnu++14";
				CLANG_CXX_LIBRARY = "libc++";
				CLANG_ENABLE_MODULES = YES;
				CLANG_ENABLE_OBJC_ARC = YES;
				CLANG_ENABLE_OBJC_WEAK = YES;
				CLANG_WARN_BLOCK_CAPTURE_AUTORELEASING = YES;
				CLANG_WARN_BOOL_CONVERSION = YES;
				CLANG_WARN_COMMA = YES;
				CLANG_WARN_CONSTANT_CONVERSION = YES;
				CLANG_WARN_DEPRECATED_OBJC_IMPLEMENTATIONS = YES;
				CLANG_WARN_DIRECT_OBJC_ISA_USAGE = YES_ERROR;
				CLANG_WARN_DOCUMENTATION_COMMENTS = YES;
				CLANG_WARN_EMPTY_BODY = YES;
				CLANG_WARN_ENUM_CONVERSION = YES;
				CLANG_WARN_INFINITE_RECURSION = YES;
				CLANG_WARN_INT_CONVERSION = YES;
				CLANG_WARN_NON_LITERAL_NULL_CONVERSION = YES;
				CLANG_WARN_OBJC_IMPLICIT_RETAIN_SELF = YES;
				CLANG_WARN_OBJC_LITERAL_CONVERSION = YES;
				CLANG_WARN_OBJC_ROOT_CLASS = YES_ERROR;
				CLANG_WARN_QUOTED_INCLUDE_IN_FRAMEWORK_HEADER = YES;
				CLANG_WARN_RANGE_LOOP_ANALYSIS = YES;
				CLANG_WARN_STRICT_PROTOTYPES = YES;
				CLANG_WARN_SUSPICIOUS_MOVE = YES;
				CLANG_WARN_UNGUARDED_AVAILABILITY = YES_AGGRESSIVE;
				CLANG_WARN_UNREACHABLE_CODE = YES;
				CLANG_WARN__DUPLICATE_METHOD_MATCH = YES;
				COPY_PHASE_STRIP = NO;
				DEBUG_INFORMATION_FORMAT = dwarf;
				ENABLE_STRICT_OBJC_MSGSEND = YES;
				ENABLE_TESTABILITY = YES;
				GCC_C_LANGUAGE_STANDARD = gnu11;
				GCC_DYNAMIC_NO_PIC = NO;
				GCC_NO_COMMON_BLOCKS = YES;
				GCC_OPTIMIZATION_LEVEL = 0;
				GCC_PREPROCESSOR_DEFINITIONS = (
					"DEBUG=1",
					"$(inherited)",
				);
				GCC_WARN_64_TO_32_BIT_CONVERSION = YES;
				GCC_WARN_ABOUT_RETURN_TYPE = YES_ERROR;
				GCC_WARN_UNDECLARED_SELECTOR = YES;
				GCC_WARN_UNINITIALIZED_AUTOS = YES_AGGRESSIVE;
				GCC_WARN_UNUSED_FUNCTION = YES;
				GCC_WARN_UNUSED_VARIABLE = YES;
				IPHONEOS_DEPLOYMENT_TARGET = 14.4;
				MTL_ENABLE_DEBUG_INFO = INCLUDE_SOURCE;
				MTL_FAST_MATH = YES;
				ONLY_ACTIVE_ARCH = YES;
				SDKROOT = iphoneos;
				SWIFT_ACTIVE_COMPILATION_CONDITIONS = DEBUG;
				SWIFT_OPTIMIZATION_LEVEL = "-Onone";
			};
			name = Debug;
		};
		18C57C6927EB1A7B00F2AA77 /* Release */ = {
			isa = XCBuildConfiguration;
			buildSettings = {
				ALWAYS_SEARCH_USER_PATHS = NO;
				CLANG_ANALYZER_NONNULL = YES;
				CLANG_ANALYZER_NUMBER_OBJECT_CONVERSION = YES_AGGRESSIVE;
				CLANG_CXX_LANGUAGE_STANDARD = "gnu++14";
				CLANG_CXX_LIBRARY = "libc++";
				CLANG_ENABLE_MODULES = YES;
				CLANG_ENABLE_OBJC_ARC = YES;
				CLANG_ENABLE_OBJC_WEAK = YES;
				CLANG_WARN_BLOCK_CAPTURE_AUTORELEASING = YES;
				CLANG_WARN_BOOL_CONVERSION = YES;
				CLANG_WARN_COMMA = YES;
				CLANG_WARN_CONSTANT_CONVERSION = YES;
				CLANG_WARN_DEPRECATED_OBJC_IMPLEMENTATIONS = YES;
				CLANG_WARN_DIRECT_OBJC_ISA_USAGE = YES_ERROR;
				CLANG_WARN_DOCUMENTATION_COMMENTS = YES;
				CLANG_WARN_EMPTY_BODY = YES;
				CLANG_WARN_ENUM_CONVERSION = YES;
				CLANG_WARN_INFINITE_RECURSION = YES;
				CLANG_WARN_INT_CONVERSION = YES;
				CLANG_WARN_NON_LITERAL_NULL_CONVERSION = YES;
				CLANG_WARN_OBJC_IMPLICIT_RETAIN_SELF = YES;
				CLANG_WARN_OBJC_LITERAL_CONVERSION = YES;
				CLANG_WARN_OBJC_ROOT_CLASS = YES_ERROR;
				CLANG_WARN_QUOTED_INCLUDE_IN_FRAMEWORK_HEADER = YES;
				CLANG_WARN_RANGE_LOOP_ANALYSIS = YES;
				CLANG_WARN_STRICT_PROTOTYPES = YES;
				CLANG_WARN_SUSPICIOUS_MOVE = YES;
				CLANG_WARN_UNGUARDED_AVAILABILITY = YES_AGGRESSIVE;
				CLANG_WARN_UNREACHABLE_CODE = YES;
				CLANG_WARN__DUPLICATE_METHOD_MATCH = YES;
				COPY_PHASE_STRIP = NO;
				DEBUG_INFORMATION_FORMAT = "dwarf-with-dsym";
				ENABLE_NS_ASSERTIONS = NO;
				ENABLE_STRICT_OBJC_MSGSEND = YES;
				GCC_C_LANGUAGE_STANDARD = gnu11;
				GCC_NO_COMMON_BLOCKS = YES;
				GCC_WARN_64_TO_32_BIT_CONVERSION = YES;
				GCC_WARN_ABOUT_RETURN_TYPE = YES_ERROR;
				GCC_WARN_UNDECLARED_SELECTOR = YES;
				GCC_WARN_UNINITIALIZED_AUTOS = YES_AGGRESSIVE;
				GCC_WARN_UNUSED_FUNCTION = YES;
				GCC_WARN_UNUSED_VARIABLE = YES;
				IPHONEOS_DEPLOYMENT_TARGET = 14.4;
				MTL_ENABLE_DEBUG_INFO = NO;
				MTL_FAST_MATH = YES;
				SDKROOT = iphoneos;
				SWIFT_COMPILATION_MODE = wholemodule;
				SWIFT_OPTIMIZATION_LEVEL = "-O";
				VALIDATE_PRODUCT = YES;
			};
			name = Release;
		};
		18C57C6B27EB1A7B00F2AA77 /* Debug */ = {
			isa = XCBuildConfiguration;
			baseConfigurationReference = 4435D3C7F27C1CA47B3AD5A4 /* Pods-InterviewPreparation.debug.xcconfig */;
			buildSettings = {
				ASSETCATALOG_COMPILER_APPICON_NAME = AppIcon;
				ASSETCATALOG_COMPILER_GLOBAL_ACCENT_COLOR_NAME = AccentColor;
				CODE_SIGN_STYLE = Automatic;
				INFOPLIST_FILE = InterviewPreparation/Info.plist;
				LD_RUNPATH_SEARCH_PATHS = (
					"$(inherited)",
					"@executable_path/Frameworks",
				);
				PRODUCT_BUNDLE_IDENTIFIER = com.oum.InterviewPreparation;
				PRODUCT_NAME = "$(TARGET_NAME)";
				SWIFT_VERSION = 5.0;
				TARGETED_DEVICE_FAMILY = "1,2";
			};
			name = Debug;
		};
		18C57C6C27EB1A7B00F2AA77 /* Release */ = {
			isa = XCBuildConfiguration;
			baseConfigurationReference = 154AE3E564384B1D564F0FC8 /* Pods-InterviewPreparation.release.xcconfig */;
			buildSettings = {
				ASSETCATALOG_COMPILER_APPICON_NAME = AppIcon;
				ASSETCATALOG_COMPILER_GLOBAL_ACCENT_COLOR_NAME = AccentColor;
				CODE_SIGN_STYLE = Automatic;
				INFOPLIST_FILE = InterviewPreparation/Info.plist;
				LD_RUNPATH_SEARCH_PATHS = (
					"$(inherited)",
					"@executable_path/Frameworks",
				);
				PRODUCT_BUNDLE_IDENTIFIER = com.oum.InterviewPreparation;
				PRODUCT_NAME = "$(TARGET_NAME)";
				SWIFT_VERSION = 5.0;
				TARGETED_DEVICE_FAMILY = "1,2";
			};
			name = Release;
		};
		18C57C6E27EB1A7B00F2AA77 /* Debug */ = {
			isa = XCBuildConfiguration;
			baseConfigurationReference = 85A4726A115E44E24C15448D /* Pods-InterviewPreparationTests.debug.xcconfig */;
			buildSettings = {
				ALWAYS_EMBED_SWIFT_STANDARD_LIBRARIES = YES;
				BUNDLE_LOADER = "$(TEST_HOST)";
				CODE_SIGN_STYLE = Automatic;
				INFOPLIST_FILE = InterviewPreparationTests/Info.plist;
				IPHONEOS_DEPLOYMENT_TARGET = 14.4;
				LD_RUNPATH_SEARCH_PATHS = (
					"$(inherited)",
					"@executable_path/Frameworks",
					"@loader_path/Frameworks",
				);
				PRODUCT_BUNDLE_IDENTIFIER = com.oum.InterviewPreparationTests;
				PRODUCT_NAME = "$(TARGET_NAME)";
				SWIFT_VERSION = 5.0;
				TARGETED_DEVICE_FAMILY = "1,2";
				TEST_HOST = "$(BUILT_PRODUCTS_DIR)/InterviewPreparation.app/InterviewPreparation";
			};
			name = Debug;
		};
		18C57C6F27EB1A7B00F2AA77 /* Release */ = {
			isa = XCBuildConfiguration;
			baseConfigurationReference = 0AC37C7B65CDB1F6F4B7957B /* Pods-InterviewPreparationTests.release.xcconfig */;
			buildSettings = {
				ALWAYS_EMBED_SWIFT_STANDARD_LIBRARIES = YES;
				BUNDLE_LOADER = "$(TEST_HOST)";
				CODE_SIGN_STYLE = Automatic;
				INFOPLIST_FILE = InterviewPreparationTests/Info.plist;
				IPHONEOS_DEPLOYMENT_TARGET = 14.4;
				LD_RUNPATH_SEARCH_PATHS = (
					"$(inherited)",
					"@executable_path/Frameworks",
					"@loader_path/Frameworks",
				);
				PRODUCT_BUNDLE_IDENTIFIER = com.oum.InterviewPreparationTests;
				PRODUCT_NAME = "$(TARGET_NAME)";
				SWIFT_VERSION = 5.0;
				TARGETED_DEVICE_FAMILY = "1,2";
				TEST_HOST = "$(BUILT_PRODUCTS_DIR)/InterviewPreparation.app/InterviewPreparation";
			};
			name = Release;
		};
		18C57C7127EB1A7B00F2AA77 /* Debug */ = {
			isa = XCBuildConfiguration;
			baseConfigurationReference = 6DEEA825A79EC1968816410C /* Pods-InterviewPreparation-InterviewPreparationUITests.debug.xcconfig */;
			buildSettings = {
				ALWAYS_EMBED_SWIFT_STANDARD_LIBRARIES = YES;
				CODE_SIGN_STYLE = Automatic;
				INFOPLIST_FILE = InterviewPreparationUITests/Info.plist;
				LD_RUNPATH_SEARCH_PATHS = (
					"$(inherited)",
					"@executable_path/Frameworks",
					"@loader_path/Frameworks",
				);
				PRODUCT_BUNDLE_IDENTIFIER = com.oum.InterviewPreparationUITests;
				PRODUCT_NAME = "$(TARGET_NAME)";
				SWIFT_VERSION = 5.0;
				TARGETED_DEVICE_FAMILY = "1,2";
				TEST_TARGET_NAME = InterviewPreparation;
			};
			name = Debug;
		};
		18C57C7227EB1A7B00F2AA77 /* Release */ = {
			isa = XCBuildConfiguration;
			baseConfigurationReference = 389DFD9350F6EBAA7C7F5686 /* Pods-InterviewPreparation-InterviewPreparationUITests.release.xcconfig */;
			buildSettings = {
				ALWAYS_EMBED_SWIFT_STANDARD_LIBRARIES = YES;
				CODE_SIGN_STYLE = Automatic;
				INFOPLIST_FILE = InterviewPreparationUITests/Info.plist;
				LD_RUNPATH_SEARCH_PATHS = (
					"$(inherited)",
					"@executable_path/Frameworks",
					"@loader_path/Frameworks",
				);
				PRODUCT_BUNDLE_IDENTIFIER = com.oum.InterviewPreparationUITests;
				PRODUCT_NAME = "$(TARGET_NAME)";
				SWIFT_VERSION = 5.0;
				TARGETED_DEVICE_FAMILY = "1,2";
				TEST_TARGET_NAME = InterviewPreparation;
			};
			name = Release;
		};
/* End XCBuildConfiguration section */

/* Begin XCConfigurationList section */
		18C57C3827EB1A7800F2AA77 /* Build configuration list for PBXProject "InterviewPreparation" */ = {
			isa = XCConfigurationList;
			buildConfigurations = (
				18C57C6827EB1A7B00F2AA77 /* Debug */,
				18C57C6927EB1A7B00F2AA77 /* Release */,
			);
			defaultConfigurationIsVisible = 0;
			defaultConfigurationName = Release;
		};
		18C57C6A27EB1A7B00F2AA77 /* Build configuration list for PBXNativeTarget "InterviewPreparation" */ = {
			isa = XCConfigurationList;
			buildConfigurations = (
				18C57C6B27EB1A7B00F2AA77 /* Debug */,
				18C57C6C27EB1A7B00F2AA77 /* Release */,
			);
			defaultConfigurationIsVisible = 0;
			defaultConfigurationName = Release;
		};
		18C57C6D27EB1A7B00F2AA77 /* Build configuration list for PBXNativeTarget "InterviewPreparationTests" */ = {
			isa = XCConfigurationList;
			buildConfigurations = (
				18C57C6E27EB1A7B00F2AA77 /* Debug */,
				18C57C6F27EB1A7B00F2AA77 /* Release */,
			);
			defaultConfigurationIsVisible = 0;
			defaultConfigurationName = Release;
		};
		18C57C7027EB1A7B00F2AA77 /* Build configuration list for PBXNativeTarget "InterviewPreparationUITests" */ = {
			isa = XCConfigurationList;
			buildConfigurations = (
				18C57C7127EB1A7B00F2AA77 /* Debug */,
				18C57C7227EB1A7B00F2AA77 /* Release */,
			);
			defaultConfigurationIsVisible = 0;
			defaultConfigurationName = Release;
		};
/* End XCConfigurationList section */

/* Begin XCRemoteSwiftPackageReference section */
		18AA865127F479E40069610E /* XCRemoteSwiftPackageReference "SDWebImage" */ = {
			isa = XCRemoteSwiftPackageReference;
			repositoryURL = "https://github.com/SDWebImage/SDWebImage.git";
			requirement = {
				kind = upToNextMajorVersion;
				minimumVersion = 5.12.5;
			};
		};
		7ABC85DD280466BA00E329B7 /* XCRemoteSwiftPackageReference "Alamofire" */ = {
			isa = XCRemoteSwiftPackageReference;
			repositoryURL = "https://github.com/Alamofire/Alamofire.git";
			requirement = {
				kind = upToNextMajorVersion;
				minimumVersion = 5.0.0;
			};
		};
		7ADFBC6F280E866B00D3E734 /* XCRemoteSwiftPackageReference "RxSwift" */ = {
			isa = XCRemoteSwiftPackageReference;
			repositoryURL = "https://github.com/ReactiveX/RxSwift.git";
			requirement = {
				kind = exactVersion;
				version = 6.5.0;
			};
		};
/* End XCRemoteSwiftPackageReference section */

/* Begin XCSwiftPackageProductDependency section */
		7ABC85DE280466BA00E329B7 /* Alamofire */ = {
			isa = XCSwiftPackageProductDependency;
			package = 7ABC85DD280466BA00E329B7 /* XCRemoteSwiftPackageReference "Alamofire" */;
			productName = Alamofire;
		};
		7ADFBC70280E866B00D3E734 /* RxCocoa */ = {
			isa = XCSwiftPackageProductDependency;
			package = 7ADFBC6F280E866B00D3E734 /* XCRemoteSwiftPackageReference "RxSwift" */;
			productName = RxCocoa;
		};
		7ADFBC72280E866B00D3E734 /* RxSwift */ = {
			isa = XCSwiftPackageProductDependency;
			package = 7ADFBC6F280E866B00D3E734 /* XCRemoteSwiftPackageReference "RxSwift" */;
			productName = RxSwift;
		};
/* End XCSwiftPackageProductDependency section */

/* Begin XCVersionGroup section */
		18C57C4927EB1A7800F2AA77 /* InterviewPreparation.xcdatamodeld */ = {
			isa = XCVersionGroup;
			children = (
				18C57C4A27EB1A7800F2AA77 /* InterviewPreparation.xcdatamodel */,
			);
			currentVersion = 18C57C4A27EB1A7800F2AA77 /* InterviewPreparation.xcdatamodel */;
			path = InterviewPreparation.xcdatamodeld;
			sourceTree = "<group>";
			versionGroupType = wrapper.xcdatamodel;
		};
/* End XCVersionGroup section */
	};
	rootObject = 18C57C3527EB1A7800F2AA77 /* Project object */;
}
